
Microsoft Visual Studio Solution File, Format Version 12.00
# Visual Studio 2012
Project("{FAE04EC0-301F-11D3-BF4B-00C04F79EFBC}") = "FormBuilder", "FormBuilder\FormBuilder.csproj", "{2FB6278A-F9E6-4EC4-B881-058DD9DF43FE}"
EndProject
Project("{2150E333-8FDC-42A3-9474-1A3956D46DE8}") = "Business", "Business", "{909DA1AD-5857-4A4C-A560-C23EDA4042C4}"
EndProject
Project("{FAE04EC0-301F-11D3-BF4B-00C04F79EFBC}") = "FormBuilder.Business", "FormBuilder.Business\FormBuilder.Business.csproj", "{9D0C419C-0E6F-45C5-BB8D-7D83540BCF1C}"
EndProject
Project("{2150E333-8FDC-42A3-9474-1A3956D46DE8}") = "Resource Access", "Resource Access", "{58E8E4EE-C5DA-423B-8AB3-0B53C6B31FD7}"
EndProject
Project("{FAE04EC0-301F-11D3-BF4B-00C04F79EFBC}") = "FormBuilder.Data", "FormBuilder.Data\FormBuilder.Data.csproj", "{9D93005C-EF34-41DE-A781-C7BD0D21CEC3}"
EndProject
Project("{FAE04EC0-301F-11D3-BF4B-00C04F79EFBC}") = "FormBuilder.Data.Contracts", "FormBuilder.Data.Contracts\FormBuilder.Data.Contracts.csproj", "{837407AC-4FEB-44F5-B0D3-DD7944C45C2C}"
EndProject
Project("{2150E333-8FDC-42A3-9474-1A3956D46DE8}") = ".nuget", ".nuget", "{0CCEACEC-1431-4A92-A69C-15D85C2BF5F0}"
	ProjectSection(SolutionItems) = preProject
		.nuget\NuGet.Config = .nuget\NuGet.Config
		.nuget\NuGet.exe = .nuget\NuGet.exe
		.nuget\NuGet.targets = .nuget\NuGet.targets
	EndProjectSection
EndProject
Global
	GlobalSection(SolutionConfigurationPlatforms) = preSolution
		Debug|Any CPU = Debug|Any CPU
		Release|Any CPU = Release|Any CPU
	EndGlobalSection
	GlobalSection(ProjectConfigurationPlatforms) = postSolution
		{2FB6278A-F9E6-4EC4-B881-058DD9DF43FE}.Debug|Any CPU.ActiveCfg = Debug|Any CPU
		{2FB6278A-F9E6-4EC4-B881-058DD9DF43FE}.Debug|Any CPU.Build.0 = Debug|Any CPU
		{2FB6278A-F9E6-4EC4-B881-058DD9DF43FE}.Release|Any CPU.ActiveCfg = Release|Any CPU
		{2FB6278A-F9E6-4EC4-B881-058DD9DF43FE}.Release|Any CPU.Build.0 = Release|Any CPU
		{9D0C419C-0E6F-45C5-BB8D-7D83540BCF1C}.Debug|Any CPU.ActiveCfg = Debug|Any CPU
		{9D0C419C-0E6F-45C5-BB8D-7D83540BCF1C}.Debug|Any CPU.Build.0 = Debug|Any CPU
		{9D0C419C-0E6F-45C5-BB8D-7D83540BCF1C}.Release|Any CPU.ActiveCfg = Release|Any CPU
		{9D0C419C-0E6F-45C5-BB8D-7D83540BCF1C}.Release|Any CPU.Build.0 = Release|Any CPU
		{9D93005C-EF34-41DE-A781-C7BD0D21CEC3}.Debug|Any CPU.ActiveCfg = Debug|Any CPU
		{9D93005C-EF34-41DE-A781-C7BD0D21CEC3}.Debug|Any CPU.Build.0 = Debug|Any CPU
		{9D93005C-EF34-41DE-A781-C7BD0D21CEC3}.Release|Any CPU.ActiveCfg = Release|Any CPU
		{9D93005C-EF34-41DE-A781-C7BD0D21CEC3}.Release|Any CPU.Build.0 = Release|Any CPU
		{837407AC-4FEB-44F5-B0D3-DD7944C45C2C}.Debug|Any CPU.ActiveCfg = Debug|Any CPU
		{837407AC-4FEB-44F5-B0D3-DD7944C45C2C}.Debug|Any CPU.Build.0 = Debug|Any CPU
		{837407AC-4FEB-44F5-B0D3-DD7944C45C2C}.Release|Any CPU.ActiveCfg = Release|Any CPU
		{837407AC-4FEB-44F5-B0D3-DD7944C45C2C}.Release|Any CPU.Build.0 = Release|Any CPU
	EndGlobalSection
	GlobalSection(SolutionProperties) = preSolution
		HideSolutionNode = FALSE
	EndGlobalSection
	GlobalSection(NestedProjects) = preSolution
		{9D0C419C-0E6F-45C5-BB8D-7D83540BCF1C} = {909DA1AD-5857-4A4C-A560-C23EDA4042C4}
		{9D93005C-EF34-41DE-A781-C7BD0D21CEC3} = {58E8E4EE-C5DA-423B-8AB3-0B53C6B31FD7}
		{837407AC-4FEB-44F5-B0D3-DD7944C45C2C} = {58E8E4EE-C5DA-423B-8AB3-0B53C6B31FD7}
	EndGlobalSection
EndGlobal
